
Microsoft Visual Studio Solution File, Format Version 12.00
# Visual Studio Version 16
VisualStudioVersion = 16.0.28527.54
MinimumVisualStudioVersion = 10.0.40219.1
Project("{FAE04EC0-301F-11D3-BF4B-00C04F79EFBC}") = "GeneticConsole", "GeneticConsole\GeneticConsole.csproj", "{30C1A5D3-ADD4-4964-B720-630609F87B11}"
EndProject
Global
	GlobalSection(SolutionConfigurationPlatforms) = preSolution
		Debug|Any CPU = Debug|Any CPU
		Release|Any CPU = Release|Any CPU
	EndGlobalSection
	GlobalSection(ProjectConfigurationPlatforms) = postSolution
		{30C1A5D3-ADD4-4964-B720-630609F87B11}.Debug|Any CPU.ActiveCfg = Debug|Any CPU
		{30C1A5D3-ADD4-4964-B720-630609F87B11}.Debug|Any CPU.Build.0 = Debug|Any CPU
		{30C1A5D3-ADD4-4964-B720-630609F87B11}.Release|Any CPU.ActiveCfg = Release|Any CPU
		{30C1A5D3-ADD4-4964-B720-630609F87B11}.Release|Any CPU.Build.0 = Release|Any CPU
	EndGlobalSection
	GlobalSection(SolutionProperties) = preSolution
		HideSolutionNode = FALSE
	EndGlobalSection
	GlobalSection(ExtensibilityGlobals) = postSolution
		SolutionGuid = {40B7ADBC-2528-4A70-9123-40751FB952DD}
	EndGlobalSection
EndGlobal
